
Microsoft Visual Studio Solution File, Format Version 12.00
# Visual Studio Version 16
VisualStudioVersion = 16.0.31025.194
MinimumVisualStudioVersion = 10.0.40219.1
Project("{FAE04EC0-301F-11D3-BF4B-00C04F79EFBC}") = "Vidly", "Vidly\Vidly.csproj", "{95BE0F7D-2709-4B84-BB9E-6423FDDB168D}"
EndProject
Global
	GlobalSection(SolutionConfigurationPlatforms) = preSolution
		Debug|Any CPU = Debug|Any CPU
		Release|Any CPU = Release|Any CPU
	EndGlobalSection
	GlobalSection(ProjectConfigurationPlatforms) = postSolution
		{95BE0F7D-2709-4B84-BB9E-6423FDDB168D}.Debug|Any CPU.ActiveCfg = Debug|Any CPU
		{95BE0F7D-2709-4B84-BB9E-6423FDDB168D}.Debug|Any CPU.Build.0 = Debug|Any CPU
		{95BE0F7D-2709-4B84-BB9E-6423FDDB168D}.Release|Any CPU.ActiveCfg = Release|Any CPU
		{95BE0F7D-2709-4B84-BB9E-6423FDDB168D}.Release|Any CPU.Build.0 = Release|Any CPU
	EndGlobalSection
	GlobalSection(SolutionProperties) = preSolution
		HideSolutionNode = FALSE
	EndGlobalSection
	GlobalSection(ExtensibilityGlobals) = postSolution
		SolutionGuid = {39345B88-C66E-4F21-98F3-646B8285A984}
	EndGlobalSection
EndGlobal
